
Microsoft Visual Studio Solution File, Format Version 12.00
# Visual Studio Version 17
VisualStudioVersion = 17.13.35913.81
MinimumVisualStudioVersion = 10.0.40219.1
Project("{FAE04EC0-301F-11D3-BF4B-00C04F79EFBC}") = "Roamly.Identity.Api", "Roamly.Identity.Api\Roamly.Identity.Api.csproj", "{67A31809-9D98-47B9-8BB7-CF99E6C6A658}"
EndProject
Project("{FAE04EC0-301F-11D3-BF4B-00C04F79EFBC}") = "Roamly.Housing.Api", "Roamly.Housing.Api\Roamly.Housing.Api.csproj", "{8DBE14E8-8D59-4B5C-BDF7-D5424A7CBD95}"
EndProject
Project("{FAE04EC0-301F-11D3-BF4B-00C04F79EFBC}") = "Roamly.Search.Api", "Roamly.Search.Api\Roamly.Search.Api.csproj", "{0CD38B22-E227-46C8-B5EA-0942BE1B6E77}"
EndProject
Global
	GlobalSection(SolutionConfigurationPlatforms) = preSolution
		Debug|Any CPU = Debug|Any CPU
		Release|Any CPU = Release|Any CPU
	EndGlobalSection
	GlobalSection(ProjectConfigurationPlatforms) = postSolution
		{67A31809-9D98-47B9-8BB7-CF99E6C6A658}.Debug|Any CPU.ActiveCfg = Debug|Any CPU
		{67A31809-9D98-47B9-8BB7-CF99E6C6A658}.Debug|Any CPU.Build.0 = Debug|Any CPU
		{67A31809-9D98-47B9-8BB7-CF99E6C6A658}.Release|Any CPU.ActiveCfg = Release|Any CPU
		{67A31809-9D98-47B9-8BB7-CF99E6C6A658}.Release|Any CPU.Build.0 = Release|Any CPU
		{8DBE14E8-8D59-4B5C-BDF7-D5424A7CBD95}.Debug|Any CPU.ActiveCfg = Debug|Any CPU
		{8DBE14E8-8D59-4B5C-BDF7-D5424A7CBD95}.Debug|Any CPU.Build.0 = Debug|Any CPU
		{8DBE14E8-8D59-4B5C-BDF7-D5424A7CBD95}.Release|Any CPU.ActiveCfg = Release|Any CPU
		{8DBE14E8-8D59-4B5C-BDF7-D5424A7CBD95}.Release|Any CPU.Build.0 = Release|Any CPU
		{0CD38B22-E227-46C8-B5EA-0942BE1B6E77}.Debug|Any CPU.ActiveCfg = Debug|Any CPU
		{0CD38B22-E227-46C8-B5EA-0942BE1B6E77}.Debug|Any CPU.Build.0 = Debug|Any CPU
		{0CD38B22-E227-46C8-B5EA-0942BE1B6E77}.Release|Any CPU.ActiveCfg = Release|Any CPU
		{0CD38B22-E227-46C8-B5EA-0942BE1B6E77}.Release|Any CPU.Build.0 = Release|Any CPU
	EndGlobalSection
	GlobalSection(SolutionProperties) = preSolution
		HideSolutionNode = FALSE
	EndGlobalSection
	GlobalSection(ExtensibilityGlobals) = postSolution
		SolutionGuid = {0B5678D0-BFFA-4112-85A8-08C4EA523A30}
	EndGlobalSection
EndGlobal
